
Microsoft Visual Studio Solution File, Format Version 12.00
# Visual Studio Version 17
VisualStudioVersion = 17.8.34511.84
MinimumVisualStudioVersion = 10.0.40219.1
Project("{FAE04EC0-301F-11D3-BF4B-00C04F79EFBC}") = "Usda.Fdc.Api", "Usda.Fdc.Api.csproj", "{195F733E-FC9C-4E41-B06C-3E8FD3A7B749}"
EndProject
Global
	GlobalSection(SolutionConfigurationPlatforms) = preSolution
		Debug|Any CPU = Debug|Any CPU
		Release|Any CPU = Release|Any CPU
	EndGlobalSection
	GlobalSection(ProjectConfigurationPlatforms) = postSolution
		{195F733E-FC9C-4E41-B06C-3E8FD3A7B749}.Debug|Any CPU.ActiveCfg = Debug|Any CPU
		{195F733E-FC9C-4E41-B06C-3E8FD3A7B749}.Debug|Any CPU.Build.0 = Debug|Any CPU
		{195F733E-FC9C-4E41-B06C-3E8FD3A7B749}.Release|Any CPU.ActiveCfg = Release|Any CPU
		{195F733E-FC9C-4E41-B06C-3E8FD3A7B749}.Release|Any CPU.Build.0 = Release|Any CPU
	EndGlobalSection
	GlobalSection(SolutionProperties) = preSolution
		HideSolutionNode = FALSE
	EndGlobalSection
	GlobalSection(ExtensibilityGlobals) = postSolution
		SolutionGuid = {CD94A361-C143-486E-AB92-88EFADB2D1C5}
	EndGlobalSection
EndGlobal
